// !$*UTF8*$!
{
	archiveVersion = 1;
	classes = {
	};
	objectVersion = 50;
	objects = {

/* Begin PBXBuildFile section */
		BE7F8EB226AA4A8B00FC80A8 /* AppDelegate.swift in Sources */ = {isa = PBXBuildFile; fileRef = BE7F8EB126AA4A8B00FC80A8 /* AppDelegate.swift */; };
		BE7F8EB426AA4A8B00FC80A8 /* SceneDelegate.swift in Sources */ = {isa = PBXBuildFile; fileRef = BE7F8EB326AA4A8B00FC80A8 /* SceneDelegate.swift */; };
		BE7F8EB626AA4A8B00FC80A8 /* ViewController.swift in Sources */ = {isa = PBXBuildFile; fileRef = BE7F8EB526AA4A8B00FC80A8 /* ViewController.swift */; };
		BE7F8EB926AA4A8B00FC80A8 /* Main.storyboard in Resources */ = {isa = PBXBuildFile; fileRef = BE7F8EB726AA4A8B00FC80A8 /* Main.storyboard */; };
		BE7F8EBB26AA4A9300FC80A8 /* Assets.xcassets in Resources */ = {isa = PBXBuildFile; fileRef = BE7F8EBA26AA4A9300FC80A8 /* Assets.xcassets */; };
		BE7F8EBE26AA4A9300FC80A8 /* LaunchScreen.storyboard in Resources */ = {isa = PBXBuildFile; fileRef = BE7F8EBC26AA4A9300FC80A8 /* LaunchScreen.storyboard */; };
		CC1326E092187EFD63A3877A /* Pods_Charts_Tutorial.framework in Frameworks */ = {isa = PBXBuildFile; fileRef = 44B835F4D14DB8124456B0A6 /* Pods_Charts_Tutorial.framework */; };
/* End PBXBuildFile section */

/* Begin PBXFileReference section */
		44B835F4D14DB8124456B0A6 /* Pods_Charts_Tutorial.framework */ = {isa = PBXFileReference; explicitFileType = wrapper.framework; includeInIndex = 0; path = Pods_Charts_Tutorial.framework; sourceTree = BUILT_PRODUCTS_DIR; };
		BE7F8EAE26AA4A8B00FC80A8 /* Charts-Tutorial.app */ = {isa = PBXFileReference; explicitFileType = wrapper.application; includeInIndex = 0; path = "Charts-Tutorial.app"; sourceTree = BUILT_PRODUCTS_DIR; };
		BE7F8EB126AA4A8B00FC80A8 /* AppDelegate.swift */ = {isa = PBXFileReference; lastKnownFileType = sourcecode.swift; path = AppDelegate.swift; sourceTree = "<group>"; };
		BE7F8EB326AA4A8B00FC80A8 /* SceneDelegate.swift */ = {isa = PBXFileReference; lastKnownFileType = sourcecode.swift; path = SceneDelegate.swift; sourceTree = "<group>"; };
		BE7F8EB526AA4A8B00FC80A8 /* ViewController.swift */ = {isa = PBXFileReference; lastKnownFileType = sourcecode.swift; path = ViewController.swift; sourceTree = "<group>"; };
		BE7F8EB826AA4A8B00FC80A8 /* Base */ = {isa = PBXFileReference; lastKnownFileType = file.storyboard; name = Base; path = Base.lproj/Main.storyboard; sourceTree = "<group>"; };
		BE7F8EBA26AA4A9300FC80A8 /* Assets.xcassets */ = {isa = PBXFileReference; lastKnownFileType = folder.assetcatalog; path = Assets.xcassets; sourceTree = "<group>"; };
		BE7F8EBD26AA4A9300FC80A8 /* Base */ = {isa = PBXFileReference; lastKnownFileType = file.storyboard; name = Base; path = Base.lproj/LaunchScreen.storyboard; sourceTree = "<group>"; };
		BE7F8EBF26AA4A9300FC80A8 /* Info.plist */ = {isa = PBXFileReference; lastKnownFileType = text.plist.xml; path = Info.plist; sourceTree = "<group>"; };
		C2135F6B4E7348E14F08DA76 /* Pods-Charts-Tutorial.release.xcconfig */ = {isa = PBXFileReference; includeInIndex = 1; lastKnownFileType = text.xcconfig; name = "Pods-Charts-Tutorial.release.xcconfig"; path = "Target Support Files/Pods-Charts-Tutorial/Pods-Charts-Tutorial.release.xcconfig"; sourceTree = "<group>"; };
		C4EC6F14754B872C225EF532 /* Pods-Charts-Tutorial.debug.xcconfig */ = {isa = PBXFileReference; includeInIndex = 1; lastKnownFileType = text.xcconfig; name = "Pods-Charts-Tutorial.debug.xcconfig"; path = "Target Support Files/Pods-Charts-Tutorial/Pods-Charts-Tutorial.debug.xcconfig"; sourceTree = "<group>"; };
/* End PBXFileReference section */

/* Begin PBXFrameworksBuildPhase section */
		BE7F8EAB26AA4A8B00FC80A8 /* Frameworks */ = {
			isa = PBXFrameworksBuildPhase;
			buildActionMask = 2147483647;
			files = (
				CC1326E092187EFD63A3877A /* Pods_Charts_Tutorial.framework in Frameworks */,
			);
			runOnlyForDeploymentPostprocessing = 0;
		};
/* End PBXFrameworksBuildPhase section */

/* Begin PBXGroup section */
		2AD44AD54F356E152D7C4D45 /* Pods */ = {
			isa = PBXGroup;
			children = (
				C4EC6F14754B872C225EF532 /* Pods-Charts-Tutorial.debug.xcconfig */,
				C2135F6B4E7348E14F08DA76 /* Pods-Charts-Tutorial.release.xcconfig */,
			);
			name = Pods;
			path = Pods;
			sourceTree = "<group>";
		};
		83BBCBBF3FEF3FA65FB34DE2 /* Frameworks */ = {
			isa = PBXGroup;
			children = (
				44B835F4D14DB8124456B0A6 /* Pods_Charts_Tutorial.framework */,
			);
			name = Frameworks;
			sourceTree = "<group>";
		};
		BE7F8EA526AA4A8B00FC80A8 = {
			isa = PBXGroup;
			children = (
				BE7F8EB026AA4A8B00FC80A8 /* Charts-Tutorial */,
				BE7F8EAF26AA4A8B00FC80A8 /* Products */,
				2AD44AD54F356E152D7C4D45 /* Pods */,
				83BBCBBF3FEF3FA65FB34DE2 /* Frameworks */,
			);
			sourceTree = "<group>";
		};
		BE7F8EAF26AA4A8B00FC80A8 /* Products */ = {
			isa = PBXGroup;
			children = (
				BE7F8EAE26AA4A8B00FC80A8 /* Charts-Tutorial.app */,
			);
			name = Products;
			sourceTree = "<group>";
		};
		BE7F8EB026AA4A8B00FC80A8 /* Charts-Tutorial */ = {
			isa = PBXGroup;
			children = (
				BE7F8EB126AA4A8B00FC80A8 /* AppDelegate.swift */,
				BE7F8EB326AA4A8B00FC80A8 /* SceneDelegate.swift */,
				BE7F8EB526AA4A8B00FC80A8 /* ViewController.swift */,
				BE7F8EB726AA4A8B00FC80A8 /* Main.storyboard */,
				BE7F8EBA26AA4A9300FC80A8 /* Assets.xcassets */,
				BE7F8EBC26AA4A9300FC80A8 /* LaunchScreen.storyboard */,
				BE7F8EBF26AA4A9300FC80A8 /* Info.plist */,
			);
			path = "Charts-Tutorial";
			sourceTree = "<group>";
		};
/* End PBXGroup section */

/* Begin PBXNativeTarget section */
		BE7F8EAD26AA4A8B00FC80A8 /* Charts-Tutorial */ = {
			isa = PBXNativeTarget;
			buildConfigurationList = BE7F8EC226AA4A9300FC80A8 /* Build configuration list for PBXNativeTarget "Charts-Tutorial" */;
			buildPhases = (
				00D0B500D5A47847F4DBD2A1 /* [CP] Check Pods Manifest.lock */,
				BE7F8EAA26AA4A8B00FC80A8 /* Sources */,
				BE7F8EAB26AA4A8B00FC80A8 /* Frameworks */,
				BE7F8EAC26AA4A8B00FC80A8 /* Resources */,
				ED719B9CA773C7F45F530E34 /* [CP] Embed Pods Frameworks */,
			);
			buildRules = (
			);
			dependencies = (
			);
			name = "Charts-Tutorial";
			productName = "Charts-Tutorial";
			productReference = BE7F8EAE26AA4A8B00FC80A8 /* Charts-Tutorial.app */;
			productType = "com.apple.product-type.application";
		};
/* End PBXNativeTarget section */

/* Begin PBXProject section */
		BE7F8EA626AA4A8B00FC80A8 /* Project object */ = {
			isa = PBXProject;
			attributes = {
				LastSwiftUpdateCheck = 1250;
				LastUpgradeCheck = 1250;
				TargetAttributes = {
					BE7F8EAD26AA4A8B00FC80A8 = {
						CreatedOnToolsVersion = 12.5.1;
					};
				};
			};
			buildConfigurationList = BE7F8EA926AA4A8B00FC80A8 /* Build configuration list for PBXProject "Charts-Tutorial" */;
			compatibilityVersion = "Xcode 9.3";
			developmentRegion = en;
			hasScannedForEncodings = 0;
			knownRegions = (
				en,
				Base,
			);
			mainGroup = BE7F8EA526AA4A8B00FC80A8;
			productRefGroup = BE7F8EAF26AA4A8B00FC80A8 /* Products */;
			projectDirPath = "";
			projectRoot = "";
			targets = (
				BE7F8EAD26AA4A8B00FC80A8 /* Charts-Tutorial */,
			);
		};
/* End PBXProject section */

/* Begin PBXResourcesBuildPhase section */
		BE7F8EAC26AA4A8B00FC80A8 /* Resources */ = {
			isa = PBXResourcesBuildPhase;
			buildActionMask = 2147483647;
			files = (
				BE7F8EBE26AA4A9300FC80A8 /* LaunchScreen.storyboard in Resources */,
				BE7F8EBB26AA4A9300FC80A8 /* Assets.xcassets in Resources */,
				BE7F8EB926AA4A8B00FC80A8 /* Main.storyboard in Resources */,
			);
			runOnlyForDeploymentPostprocessing = 0;
		};
/* End PBXResourcesBuildPhase section */

/* Begin PBXShellScriptBuildPhase section */
		00D0B500D5A47847F4DBD2A1 /* [CP] Check Pods Manifest.lock */ = {
			isa = PBXShellScriptBuildPhase;
			buildActionMask = 2147483647;
			files = (
			);
			inputFileListPaths = (
			);
			inputPaths = (
				"${PODS_PODFILE_DIR_PATH}/Podfile.lock",
				"${PODS_ROOT}/Manifest.lock",
			);
			name = "[CP] Check Pods Manifest.lock";
			outputFileListPaths = (
			);
			outputPaths = (
				"$(DERIVED_FILE_DIR)/Pods-Charts-Tutorial-checkManifestLockResult.txt",
			);
			runOnlyForDeploymentPostprocessing = 0;
			shellPath = /bin/sh;
			shellScript = "diff \"${PODS_PODFILE_DIR_PATH}/Podfile.lock\" \"${PODS_ROOT}/Manifest.lock\" > /dev/null\nif [ $? != 0 ] ; then\n    # print error to STDERR\n    echo \"error: The sandbox is not in sync with the Podfile.lock. Run 'pod install' or update your CocoaPods installation.\" >&2\n    exit 1\nfi\n# This output is used by Xcode 'outputs' to avoid re-running this script phase.\necho \"SUCCESS\" > \"${SCRIPT_OUTPUT_FILE_0}\"\n";
			showEnvVarsInLog = 0;
		};
		ED719B9CA773C7F45F530E34 /* [CP] Embed Pods Frameworks */ = {
			isa = PBXShellScriptBuildPhase;
			buildActionMask = 2147483647;
			files = (
			);
			inputFileListPaths = (
				"${PODS_ROOT}/Target Support Files/Pods-Charts-Tutorial/Pods-Charts-Tutorial-frameworks-${CONFIGURATION}-input-files.xcfilelist",
			);
			name = "[CP] Embed Pods Frameworks";
			outputFileListPaths = (
				"${PODS_ROOT}/Target Support Files/Pods-Charts-Tutorial/Pods-Charts-Tutorial-frameworks-${CONFIGURATION}-output-files.xcfilelist",
			);
			runOnlyForDeploymentPostprocessing = 0;
			shellPath = /bin/sh;
			shellScript = "\"${PODS_ROOT}/Target Support Files/Pods-Charts-Tutorial/Pods-Charts-Tutorial-frameworks.sh\"\n";
			showEnvVarsInLog = 0;
		};
/* End PBXShellScriptBuildPhase section */

/* Begin PBXSourcesBuildPhase section */
		BE7F8EAA26AA4A8B00FC80A8 /* Sources */ = {
			isa = PBXSourcesBuildPhase;
			buildActionMask = 2147483647;
			files = (
				BE7F8EB626AA4A8B00FC80A8 /* ViewController.swift in Sources */,
				BE7F8EB226AA4A8B00FC80A8 /* AppDelegate.swift in Sources */,
				BE7F8EB426AA4A8B00FC80A8 /* SceneDelegate.swift in Sources */,
			);
			runOnlyForDeploymentPostprocessing = 0;
		};
/* End PBXSourcesBuildPhase section */

/* Begin PBXVariantGroup section */
		BE7F8EB726AA4A8B00FC80A8 /* Main.storyboard */ = {
			isa = PBXVariantGroup;
			children = (
				BE7F8EB826AA4A8B00FC80A8 /* Base */,
			);
			name = Main.storyboard;
			sourceTree = "<group>";
		};
		BE7F8EBC26AA4A9300FC80A8 /* LaunchScreen.storyboard */ = {
			isa = PBXVariantGroup;
			children = (
				BE7F8EBD26AA4A9300FC80A8 /* Base */,
			);
			name = LaunchScreen.storyboard;
			sourceTree = "<group>";
		};
/* End PBXVariantGroup section */

/* Begin XCBuildConfiguration section */
		BE7F8EC026AA4A9300FC80A8 /* Debug */ = {
			isa = XCBuildConfiguration;
			buildSettings = {
				ALWAYS_SEARCH_USER_PATHS = NO;
				CLANG_ANALYZER_NONNULL = YES;
				CLANG_ANALYZER_NUMBER_OBJECT_CONVERSION = YES_AGGRESSIVE;
				CLANG_CXX_LANGUAGE_STANDARD = "gnu++14";
				CLANG_CXX_LIBRARY = "libc++";
				CLANG_ENABLE_MODULES = YES;
				CLANG_ENABLE_OBJC_ARC = YES;
				CLANG_ENABLE_OBJC_WEAK = YES;
				CLANG_WARN_BLOCK_CAPTURE_AUTORELEASING = YES;
				CLANG_WARN_BOOL_CONVERSION = YES;
				CLANG_WARN_COMMA = YES;
				CLANG_WARN_CONSTANT_CONVERSION = YES;
				CLANG_WARN_DEPRECATED_OBJC_IMPLEMENTATIONS = YES;
				CLANG_WARN_DIRECT_OBJC_ISA_USAGE = YES_ERROR;
				CLANG_WARN_DOCUMENTATION_COMMENTS = YES;
				CLANG_WARN_EMPTY_BODY = YES;
				CLANG_WARN_ENUM_CONVERSION = YES;
				CLANG_WARN_INFINITE_RECURSION = YES;
				CLANG_WARN_INT_CONVERSION = YES;
				CLANG_WARN_NON_LITERAL_NULL_CONVERSION = YES;
				CLANG_WARN_OBJC_IMPLICIT_RETAIN_SELF = YES;
				CLANG_WARN_OBJC_LITERAL_CONVERSION = YES;
				CLANG_WARN_OBJC_ROOT_CLASS = YES_ERROR;
				CLANG_WARN_QUOTED_INCLUDE_IN_FRAMEWORK_HEADER = YES;
				CLANG_WARN_RANGE_LOOP_ANALYSIS = YES;
				CLANG_WARN_STRICT_PROTOTYPES = YES;
				CLANG_WARN_SUSPICIOUS_MOVE = YES;
				CLANG_WARN_UNGUARDED_AVAILABILITY = YES_AGGRESSIVE;
				CLANG_WARN_UNREACHABLE_CODE = YES;
				CLANG_WARN__DUPLICATE_METHOD_MATCH = YES;
				COPY_PHASE_STRIP = NO;
				DEBUG_INFORMATION_FORMAT = dwarf;
				ENABLE_STRICT_OBJC_MSGSEND = YES;
				ENABLE_TESTABILITY = YES;
				GCC_C_LANGUAGE_STANDARD = gnu11;
				GCC_DYNAMIC_NO_PIC = NO;
				GCC_NO_COMMON_BLOCKS = YES;
				GCC_OPTIMIZATION_LEVEL = 0;
				GCC_PREPROCESSOR_DEFINITIONS = (
					"DEBUG=1",
					"$(inherited)",
				);
				GCC_WARN_64_TO_32_BIT_CONVERSION = YES;
				GCC_WARN_ABOUT_RETURN_TYPE = YES_ERROR;
				GCC_WARN_UNDECLARED_SELECTOR = YES;
				GCC_WARN_UNINITIALIZED_AUTOS = YES_AGGRESSIVE;
				GCC_WARN_UNUSED_FUNCTION = YES;
				GCC_WARN_UNUSED_VARIABLE = YES;
				IPHONEOS_DEPLOYMENT_TARGET = 14.5;
				MTL_ENABLE_DEBUG_INFO = INCLUDE_SOURCE;
				MTL_FAST_MATH = YES;
				ONLY_ACTIVE_ARCH = YES;
				SDKROOT = iphoneos;
				SWIFT_ACTIVE_COMPILATION_CONDITIONS = DEBUG;
				SWIFT_OPTIMIZATION_LEVEL = "-Onone";
			};
			name = Debug;
		};
		BE7F8EC126AA4A9300FC80A8 /* Release */ = {
			isa = XCBuildConfiguration;
			buildSettings = {
				ALWAYS_SEARCH_USER_PATHS = NO;
				CLANG_ANALYZER_NONNULL = YES;
				CLANG_ANALYZER_NUMBER_OBJECT_CONVERSION = YES_AGGRESSIVE;
				CLANG_CXX_LANGUAGE_STANDARD = "gnu++14";
				CLANG_CXX_LIBRARY = "libc++";
				CLANG_ENABLE_MODULES = YES;
				CLANG_ENABLE_OBJC_ARC = YES;
				CLANG_ENABLE_OBJC_WEAK = YES;
				CLANG_WARN_BLOCK_CAPTURE_AUTORELEASING = YES;
				CLANG_WARN_BOOL_CONVERSION = YES;
				CLANG_WARN_COMMA = YES;
				CLANG_WARN_CONSTANT_CONVERSION = YES;
				CLANG_WARN_DEPRECATED_OBJC_IMPLEMENTATIONS = YES;
				CLANG_WARN_DIRECT_OBJC_ISA_USAGE = YES_ERROR;
				CLANG_WARN_DOCUMENTATION_COMMENTS = YES;
				CLANG_WARN_EMPTY_BODY = YES;
				CLANG_WARN_ENUM_CONVERSION = YES;
				CLANG_WARN_INFINITE_RECURSION = YES;
				CLANG_WARN_INT_CONVERSION = YES;
				CLANG_WARN_NON_LITERAL_NULL_CONVERSION = YES;
				CLANG_WARN_OBJC_IMPLICIT_RETAIN_SELF = YES;
				CLANG_WARN_OBJC_LITERAL_CONVERSION = YES;
				CLANG_WARN_OBJC_ROOT_CLASS = YES_ERROR;
				CLANG_WARN_QUOTED_INCLUDE_IN_FRAMEWORK_HEADER = YES;
				CLANG_WARN_RANGE_LOOP_ANALYSIS = YES;
				CLANG_WARN_STRICT_PROTOTYPES = YES;
				CLANG_WARN_SUSPICIOUS_MOVE = YES;
				CLANG_WARN_UNGUARDED_AVAILABILITY = YES_AGGRESSIVE;
				CLANG_WARN_UNREACHABLE_CODE = YES;
				CLANG_WARN__DUPLICATE_METHOD_MATCH = YES;
				COPY_PHASE_STRIP = NO;
				DEBUG_INFORMATION_FORMAT = "dwarf-with-dsym";
				ENABLE_NS_ASSERTIONS = NO;
				ENABLE_STRICT_OBJC_MSGSEND = YES;
				GCC_C_LANGUAGE_STANDARD = gnu11;
				GCC_NO_COMMON_BLOCKS = YES;
				GCC_WARN_64_TO_32_BIT_CONVERSION = YES;
				GCC_WARN_ABOUT_RETURN_TYPE = YES_ERROR;
				GCC_WARN_UNDECLARED_SELECTOR = YES;
				GCC_WARN_UNINITIALIZED_AUTOS = YES_AGGRESSIVE;
				GCC_WARN_UNUSED_FUNCTION = YES;
				GCC_WARN_UNUSED_VARIABLE = YES;
				IPHONEOS_DEPLOYMENT_TARGET = 14.5;
				MTL_ENABLE_DEBUG_INFO = NO;
				MTL_FAST_MATH = YES;
				SDKROOT = iphoneos;
				SWIFT_COMPILATION_MODE = wholemodule;
				SWIFT_OPTIMIZATION_LEVEL = "-O";
				VALIDATE_PRODUCT = YES;
			};
			name = Release;
		};
		BE7F8EC326AA4A9300FC80A8 /* Debug */ = {
			isa = XCBuildConfiguration;
			baseConfigurationReference = C4EC6F14754B872C225EF532 /* Pods-Charts-Tutorial.debug.xcconfig */;
			buildSettings = {
				ASSETCATALOG_COMPILER_APPICON_NAME = AppIcon;
				ASSETCATALOG_COMPILER_GLOBAL_ACCENT_COLOR_NAME = AccentColor;
				CODE_SIGN_STYLE = Automatic;
				DEVELOPMENT_TEAM = UVLP8RA353;
				INFOPLIST_FILE = "Charts-Tutorial/Info.plist";
				LD_RUNPATH_SEARCH_PATHS = (
					"$(inherited)",
					"@executable_path/Frameworks",
				);
				PRODUCT_BUNDLE_IDENTIFIER = "com.wzk.Charts-Tutorial";
				PRODUCT_NAME = "$(TARGET_NAME)";
				SWIFT_VERSION = 5.0;
				TARGETED_DEVICE_FAMILY = "1,2";
			};
			name = Debug;
		};
		BE7F8EC426AA4A9300FC80A8 /* Release */ = {
			isa = XCBuildConfiguration;
			baseConfigurationReference = C2135F6B4E7348E14F08DA76 /* Pods-Charts-Tutorial.release.xcconfig */;
			buildSettings = {
				ASSETCATALOG_COMPILER_APPICON_NAME = AppIcon;
				ASSETCATALOG_COMPILER_GLOBAL_ACCENT_COLOR_NAME = AccentColor;
				CODE_SIGN_STYLE = Automatic;
				DEVELOPMENT_TEAM = UVLP8RA353;
				INFOPLIST_FILE = "Charts-Tutorial/Info.plist";
				LD_RUNPATH_SEARCH_PATHS = (
					"$(inherited)",
					"@executable_path/Frameworks",
				);
				PRODUCT_BUNDLE_IDENTIFIER = "com.wzk.Charts-Tutorial";
				PRODUCT_NAME = "$(TARGET_NAME)";
				SWIFT_VERSION = 5.0;
				TARGETED_DEVICE_FAMILY = "1,2";
			};
			name = Release;
		};
/* End XCBuildConfiguration section */

/* Begin XCConfigurationList section */
		BE7F8EA926AA4A8B00FC80A8 /* Build configuration list for PBXProject "Charts-Tutorial" */ = {
			isa = XCConfigurationList;
			buildConfigurations = (
				BE7F8EC026AA4A9300FC80A8 /* Debug */,
				BE7F8EC126AA4A9300FC80A8 /* Release */,
			);
			defaultConfigurationIsVisible = 0;
			defaultConfigurationName = Release;
		};
		BE7F8EC226AA4A9300FC80A8 /* Build configuration list for PBXNativeTarget "Charts-Tutorial" */ = {
			isa = XCConfigurationList;
			buildConfigurations = (
				BE7F8EC326AA4A9300FC80A8 /* Debug */,
				BE7F8EC426AA4A9300FC80A8 /* Release */,
			);
			defaultConfigurationIsVisible = 0;
			defaultConfigurationName = Release;
		};
/* End XCConfigurationList section */
	};
	rootObject = BE7F8EA626AA4A8B00FC80A8 /* Project object */;
}
